Microsoft Visual Studio Solution File, Format Version 12.00
# Visual Studio Version 17
VisualStudioVersion = 17.5.2.0
MinimumVisualStudioVersion = 10.0.40219.1
Project("{FAE04EC0-301F-11D3-BF4B-00C04F79EFBC}") = "Selcomm.Configuration.Common", "Selcomm.Configuration.Common.csproj", "{2AD3657B-6BCF-6463-0FE1-DE789E1F103B}"
EndProject
Global
	GlobalSection(SolutionConfigurationPlatforms) = preSolution
		Debug|Any CPU = Debug|Any CPU
		Release|Any CPU = Release|Any CPU
	EndGlobalSection
	GlobalSection(ProjectConfigurationPlatforms) = postSolution
		{2AD3657B-6BCF-6463-0FE1-DE789E1F103B}.Debug|Any CPU.ActiveCfg = Debug|Any CPU
		{2AD3657B-6BCF-6463-0FE1-DE789E1F103B}.Debug|Any CPU.Build.0 = Debug|Any CPU
		{2AD3657B-6BCF-6463-0FE1-DE789E1F103B}.Release|Any CPU.ActiveCfg = Release|Any CPU
		{2AD3657B-6BCF-6463-0FE1-DE789E1F103B}.Release|Any CPU.Build.0 = Release|Any CPU
	EndGlobalSection
	GlobalSection(SolutionProperties) = preSolution
		HideSolutionNode = FALSE
	EndGlobalSection
	GlobalSection(ExtensibilityGlobals) = postSolution
		SolutionGuid = {7FF430B8-DC60-4DA0-81C5-50061DE387D7}
	EndGlobalSection
EndGlobal
